
Microsoft Visual Studio Solution File, Format Version 11.00
# Visual Studio 2010
Project("{FAE04EC0-301F-11D3-BF4B-00C04F79EFBC}") = "Destination-Proxima", "Destination-Proxima\Destination-Proxima\Destination-Proxima.csproj", "{0130ACDF-8DB1-45E1-A3F5-64D2B07B6E50}"
EndProject
Project("{96E2B04D-8817-42C6-938A-82C39BA4D311}") = "Destination-ProximaContent", "Destination-Proxima\Destination-ProximaContent\Destination-ProximaContent.contentproj", "{CE6855FC-446B-4208-972E-C6BCA21A9E59}"
EndProject
Global
	GlobalSection(SolutionConfigurationPlatforms) = preSolution
		Debug|x86 = Debug|x86
		Release|x86 = Release|x86
	EndGlobalSection
	GlobalSection(ProjectConfigurationPlatforms) = postSolution
		{0130ACDF-8DB1-45E1-A3F5-64D2B07B6E50}.Debug|x86.ActiveCfg = Debug|x86
		{0130ACDF-8DB1-45E1-A3F5-64D2B07B6E50}.Debug|x86.Build.0 = Debug|x86
		{0130ACDF-8DB1-45E1-A3F5-64D2B07B6E50}.Release|x86.ActiveCfg = Release|x86
		{0130ACDF-8DB1-45E1-A3F5-64D2B07B6E50}.Release|x86.Build.0 = Release|x86
		{CE6855FC-446B-4208-972E-C6BCA21A9E59}.Debug|x86.ActiveCfg = Debug|x86
		{CE6855FC-446B-4208-972E-C6BCA21A9E59}.Release|x86.ActiveCfg = Release|x86
	EndGlobalSection
	GlobalSection(SolutionProperties) = preSolution
		HideSolutionNode = FALSE
	EndGlobalSection
EndGlobal
